
Microsoft Visual Studio Solution File, Format Version 12.00
# Visual Studio Version 17
VisualStudioVersion = 17.0.31912.275
MinimumVisualStudioVersion = 10.0.40219.1
Project("{FAE04EC0-301F-11D3-BF4B-00C04F79EFBC}") = "OLS.WEB", "OLS.WEB.csproj", "{572408D2-C500-4EBC-86FE-33B8528C0EBC}"
EndProject
Global
	GlobalSection(SolutionConfigurationPlatforms) = preSolution
		Debug|Any CPU = Debug|Any CPU
		Release|Any CPU = Release|Any CPU
	EndGlobalSection
	GlobalSection(ProjectConfigurationPlatforms) = postSolution
		{572408D2-C500-4EBC-86FE-33B8528C0EBC}.Debug|Any CPU.ActiveCfg = Debug|Any CPU
		{572408D2-C500-4EBC-86FE-33B8528C0EBC}.Debug|Any CPU.Build.0 = Debug|Any CPU
		{572408D2-C500-4EBC-86FE-33B8528C0EBC}.Release|Any CPU.ActiveCfg = Release|Any CPU
		{572408D2-C500-4EBC-86FE-33B8528C0EBC}.Release|Any CPU.Build.0 = Release|Any CPU
	EndGlobalSection
	GlobalSection(SolutionProperties) = preSolution
		HideSolutionNode = FALSE
	EndGlobalSection
	GlobalSection(ExtensibilityGlobals) = postSolution
		SolutionGuid = {D579670E-5B8A-49AB-B7F9-DEDC60783042}
	EndGlobalSection
EndGlobal
